
Microsoft Visual Studio Solution File, Format Version 12.00
# Visual Studio Version 17
VisualStudioVersion = 17.0.31903.59
MinimumVisualStudioVersion = 10.0.40219.1
Project("{2150E333-8FDC-42A3-9474-1A3956D46DE8}") = "src", "src", "{827E0CD3-B72D-47B6-A68D-7590B98EB39B}"
EndProject
Project("{FAE04EC0-301F-11D3-BF4B-00C04F79EFBC}") = "SqlAdmin.Core", "src\SqlAdmin.Core\SqlAdmin.Core.csproj", "{904CA859-9F2B-4392-8028-72E898CB4FC0}"
EndProject
Project("{FAE04EC0-301F-11D3-BF4B-00C04F79EFBC}") = "SqlAdmin.Engines.SqlServer", "src\SqlAdmin.Engines.SqlServer\SqlAdmin.Engines.SqlServer.csproj", "{58D983C4-D9B3-490B-A83D-E38F1BE2F34F}"
EndProject
Project("{FAE04EC0-301F-11D3-BF4B-00C04F79EFBC}") = "SqlAdmin.Infrastructure", "src\SqlAdmin.Infrastructure\SqlAdmin.Infrastructure.csproj", "{DED44A4B-2FD3-4EA6-BDD3-2CC1718C59FB}"
EndProject
Project("{FAE04EC0-301F-11D3-BF4B-00C04F79EFBC}") = "SqlAdmin.Api", "src\SqlAdmin.Api\SqlAdmin.Api.csproj", "{4E70B8E9-6D9B-4EB8-A525-C3B95A655781}"
EndProject
Project("{FAE04EC0-301F-11D3-BF4B-00C04F79EFBC}") = "SqlAdmin.Core.Tests", "tests\SqlAdmin.Core.Tests\SqlAdmin.Core.Tests.csproj", "{FD4E33F3-587D-410F-918D-09FFFCC04962}"
EndProject
Project("{FAE04EC0-301F-11D3-BF4B-00C04F79EFBC}") = "SqlAdmin.Integration.Tests", "tests\SqlAdmin.Integration.Tests\SqlAdmin.Integration.Tests.csproj", "{8DC8AC4C-967D-497E-B2C8-4C2FCD66D003}"
EndProject
Global
	GlobalSection(SolutionConfigurationPlatforms) = preSolution
		Debug|Any CPU = Debug|Any CPU
		Debug|x64 = Debug|x64
		Debug|x86 = Debug|x86
		Release|Any CPU = Release|Any CPU
		Release|x64 = Release|x64
		Release|x86 = Release|x86
	EndGlobalSection
	GlobalSection(ProjectConfigurationPlatforms) = postSolution
		{904CA859-9F2B-4392-8028-72E898CB4FC0}.Debug|Any CPU.ActiveCfg = Debug|Any CPU
		{904CA859-9F2B-4392-8028-72E898CB4FC0}.Debug|Any CPU.Build.0 = Debug|Any CPU
		{904CA859-9F2B-4392-8028-72E898CB4FC0}.Debug|x64.ActiveCfg = Debug|Any CPU
		{904CA859-9F2B-4392-8028-72E898CB4FC0}.Debug|x64.Build.0 = Debug|Any CPU
		{904CA859-9F2B-4392-8028-72E898CB4FC0}.Debug|x86.ActiveCfg = Debug|Any CPU
		{904CA859-9F2B-4392-8028-72E898CB4FC0}.Debug|x86.Build.0 = Debug|Any CPU
		{904CA859-9F2B-4392-8028-72E898CB4FC0}.Release|Any CPU.ActiveCfg = Release|Any CPU
		{904CA859-9F2B-4392-8028-72E898CB4FC0}.Release|Any CPU.Build.0 = Release|Any CPU
		{904CA859-9F2B-4392-8028-72E898CB4FC0}.Release|x64.ActiveCfg = Release|Any CPU
		{904CA859-9F2B-4392-8028-72E898CB4FC0}.Release|x64.Build.0 = Release|Any CPU
		{904CA859-9F2B-4392-8028-72E898CB4FC0}.Release|x86.ActiveCfg = Release|Any CPU
		{904CA859-9F2B-4392-8028-72E898CB4FC0}.Release|x86.Build.0 = Release|Any CPU
		{58D983C4-D9B3-490B-A83D-E38F1BE2F34F}.Debug|Any CPU.ActiveCfg = Debug|Any CPU
		{58D983C4-D9B3-490B-A83D-E38F1BE2F34F}.Debug|Any CPU.Build.0 = Debug|Any CPU
		{58D983C4-D9B3-490B-A83D-E38F1BE2F34F}.Debug|x64.ActiveCfg = Debug|Any CPU
		{58D983C4-D9B3-490B-A83D-E38F1BE2F34F}.Debug|x64.Build.0 = Debug|Any CPU
		{58D983C4-D9B3-490B-A83D-E38F1BE2F34F}.Debug|x86.ActiveCfg = Debug|Any CPU
		{58D983C4-D9B3-490B-A83D-E38F1BE2F34F}.Debug|x86.Build.0 = Debug|Any CPU
		{58D983C4-D9B3-490B-A83D-E38F1BE2F34F}.Release|Any CPU.ActiveCfg = Release|Any CPU
		{58D983C4-D9B3-490B-A83D-E38F1BE2F34F}.Release|Any CPU.Build.0 = Release|Any CPU
		{58D983C4-D9B3-490B-A83D-E38F1BE2F34F}.Release|x64.ActiveCfg = Release|Any CPU
		{58D983C4-D9B3-490B-A83D-E38F1BE2F34F}.Release|x64.Build.0 = Release|Any CPU
		{58D983C4-D9B3-490B-A83D-E38F1BE2F34F}.Release|x86.ActiveCfg = Release|Any CPU
		{58D983C4-D9B3-490B-A83D-E38F1BE2F34F}.Release|x86.Build.0 = Release|Any CPU
		{DED44A4B-2FD3-4EA6-BDD3-2CC1718C59FB}.Debug|Any CPU.ActiveCfg = Debug|Any CPU
		{DED44A4B-2FD3-4EA6-BDD3-2CC1718C59FB}.Debug|Any CPU.Build.0 = Debug|Any CPU
		{DED44A4B-2FD3-4EA6-BDD3-2CC1718C59FB}.Debug|x64.ActiveCfg = Debug|Any CPU
		{DED44A4B-2FD3-4EA6-BDD3-2CC1718C59FB}.Debug|x64.Build.0 = Debug|Any CPU
		{DED44A4B-2FD3-4EA6-BDD3-2CC1718C59FB}.Debug|x86.ActiveCfg = Debug|Any CPU
		{DED44A4B-2FD3-4EA6-BDD3-2CC1718C59FB}.Debug|x86.Build.0 = Debug|Any CPU
		{DED44A4B-2FD3-4EA6-BDD3-2CC1718C59FB}.Release|Any CPU.ActiveCfg = Release|Any CPU
		{DED44A4B-2FD3-4EA6-BDD3-2CC1718C59FB}.Release|Any CPU.Build.0 = Release|Any CPU
		{DED44A4B-2FD3-4EA6-BDD3-2CC1718C59FB}.Release|x64.ActiveCfg = Release|Any CPU
		{DED44A4B-2FD3-4EA6-BDD3-2CC1718C59FB}.Release|x64.Build.0 = Release|Any CPU
		{DED44A4B-2FD3-4EA6-BDD3-2CC1718C59FB}.Release|x86.ActiveCfg = Release|Any CPU
		{DED44A4B-2FD3-4EA6-BDD3-2CC1718C59FB}.Release|x86.Build.0 = Release|Any CPU
		{4E70B8E9-6D9B-4EB8-A525-C3B95A655781}.Debug|Any CPU.ActiveCfg = Debug|Any CPU
		{4E70B8E9-6D9B-4EB8-A525-C3B95A655781}.Debug|Any CPU.Build.0 = Debug|Any CPU
		{4E70B8E9-6D9B-4EB8-A525-C3B95A655781}.Debug|x64.ActiveCfg = Debug|Any CPU
		{4E70B8E9-6D9B-4EB8-A525-C3B95A655781}.Debug|x64.Build.0 = Debug|Any CPU
		{4E70B8E9-6D9B-4EB8-A525-C3B95A655781}.Debug|x86.ActiveCfg = Debug|Any CPU
		{4E70B8E9-6D9B-4EB8-A525-C3B95A655781}.Debug|x86.Build.0 = Debug|Any CPU
		{4E70B8E9-6D9B-4EB8-A525-C3B95A655781}.Release|Any CPU.ActiveCfg = Release|Any CPU
		{4E70B8E9-6D9B-4EB8-A525-C3B95A655781}.Release|Any CPU.Build.0 = Release|Any CPU
		{4E70B8E9-6D9B-4EB8-A525-C3B95A655781}.Release|x64.ActiveCfg = Release|Any CPU
		{4E70B8E9-6D9B-4EB8-A525-C3B95A655781}.Release|x64.Build.0 = Release|Any CPU
		{4E70B8E9-6D9B-4EB8-A525-C3B95A655781}.Release|x86.ActiveCfg = Release|Any CPU
		{4E70B8E9-6D9B-4EB8-A525-C3B95A655781}.Release|x86.Build.0 = Release|Any CPU
		{FD4E33F3-587D-410F-918D-09FFFCC04962}.Debug|Any CPU.ActiveCfg = Debug|Any CPU
		{FD4E33F3-587D-410F-918D-09FFFCC04962}.Debug|Any CPU.Build.0 = Debug|Any CPU
		{FD4E33F3-587D-410F-918D-09FFFCC04962}.Debug|x64.ActiveCfg = Debug|Any CPU
		{FD4E33F3-587D-410F-918D-09FFFCC04962}.Debug|x64.Build.0 = Debug|Any CPU
		{FD4E33F3-587D-410F-918D-09FFFCC04962}.Debug|x86.ActiveCfg = Debug|Any CPU
		{FD4E33F3-587D-410F-918D-09FFFCC04962}.Debug|x86.Build.0 = Debug|Any CPU
		{FD4E33F3-587D-410F-918D-09FFFCC04962}.Release|Any CPU.ActiveCfg = Release|Any CPU
		{FD4E33F3-587D-410F-918D-09FFFCC04962}.Release|Any CPU.Build.0 = Release|Any CPU
		{FD4E33F3-587D-410F-918D-09FFFCC04962}.Release|x64.ActiveCfg = Release|Any CPU
		{FD4E33F3-587D-410F-918D-09FFFCC04962}.Release|x64.Build.0 = Release|Any CPU
		{FD4E33F3-587D-410F-918D-09FFFCC04962}.Release|x86.ActiveCfg = Release|Any CPU
		{FD4E33F3-587D-410F-918D-09FFFCC04962}.Release|x86.Build.0 = Release|Any CPU
		{8DC8AC4C-967D-497E-B2C8-4C2FCD66D003}.Debug|Any CPU.ActiveCfg = Debug|Any CPU
		{8DC8AC4C-967D-497E-B2C8-4C2FCD66D003}.Debug|Any CPU.Build.0 = Debug|Any CPU
		{8DC8AC4C-967D-497E-B2C8-4C2FCD66D003}.Debug|x64.ActiveCfg = Debug|Any CPU
		{8DC8AC4C-967D-497E-B2C8-4C2FCD66D003}.Debug|x64.Build.0 = Debug|Any CPU
		{8DC8AC4C-967D-497E-B2C8-4C2FCD66D003}.Debug|x86.ActiveCfg = Debug|Any CPU
		{8DC8AC4C-967D-497E-B2C8-4C2FCD66D003}.Debug|x86.Build.0 = Debug|Any CPU
		{8DC8AC4C-967D-497E-B2C8-4C2FCD66D003}.Release|Any CPU.ActiveCfg = Release|Any CPU
		{8DC8AC4C-967D-497E-B2C8-4C2FCD66D003}.Release|Any CPU.Build.0 = Release|Any CPU
		{8DC8AC4C-967D-497E-B2C8-4C2FCD66D003}.Release|x64.ActiveCfg = Release|Any CPU
		{8DC8AC4C-967D-497E-B2C8-4C2FCD66D003}.Release|x64.Build.0 = Release|Any CPU
		{8DC8AC4C-967D-497E-B2C8-4C2FCD66D003}.Release|x86.ActiveCfg = Release|Any CPU
		{8DC8AC4C-967D-497E-B2C8-4C2FCD66D003}.Release|x86.Build.0 = Release|Any CPU
	EndGlobalSection
	GlobalSection(SolutionProperties) = preSolution
		HideSolutionNode = FALSE
	EndGlobalSection
	GlobalSection(NestedProjects) = preSolution
		{904CA859-9F2B-4392-8028-72E898CB4FC0} = {827E0CD3-B72D-47B6-A68D-7590B98EB39B}
		{58D983C4-D9B3-490B-A83D-E38F1BE2F34F} = {827E0CD3-B72D-47B6-A68D-7590B98EB39B}
		{DED44A4B-2FD3-4EA6-BDD3-2CC1718C59FB} = {827E0CD3-B72D-47B6-A68D-7590B98EB39B}
		{4E70B8E9-6D9B-4EB8-A525-C3B95A655781} = {827E0CD3-B72D-47B6-A68D-7590B98EB39B}
		{FD4E33F3-587D-410F-918D-09FFFCC04962} = {827E0CD3-B72D-47B6-A68D-7590B98EB39B}
		{8DC8AC4C-967D-497E-B2C8-4C2FCD66D003} = {827E0CD3-B72D-47B6-A68D-7590B98EB39B}
	EndGlobalSection
EndGlobal
